// !$*UTF8*$!
{
	archiveVersion = 1;
	classes = {
	};
	objectVersion = 56;
	objects = {

/* Begin PBXBuildFile section */
		7222B0432A30E957009FBD7C /* MessageView.swift in Sources */ = {isa = PBXBuildFile; fileRef = 7222B0422A30E957009FBD7C /* MessageView.swift */; };
		7222B0452A30E977009FBD7C /* MessageBubble.swift in Sources */ = {isa = PBXBuildFile; fileRef = 7222B0442A30E977009FBD7C /* MessageBubble.swift */; };
		7222B0472A30E984009FBD7C /* MessageField.swift in Sources */ = {isa = PBXBuildFile; fileRef = 7222B0462A30E984009FBD7C /* MessageField.swift */; };
		7222B04A2A30EFD2009FBD7C /* Message.swift in Sources */ = {isa = PBXBuildFile; fileRef = 7222B0492A30EFD2009FBD7C /* Message.swift */; };
		7222B04C2A30F88F009FBD7C /* MessageModel.swift in Sources */ = {isa = PBXBuildFile; fileRef = 7222B04B2A30F88F009FBD7C /* MessageModel.swift */; };
		72339D7F2A2E321D00E2D969 /* MindChatrApp.swift in Sources */ = {isa = PBXBuildFile; fileRef = 72339D7E2A2E321D00E2D969 /* MindChatrApp.swift */; };
		72339D812A2E321D00E2D969 /* ContentView.swift in Sources */ = {isa = PBXBuildFile; fileRef = 72339D802A2E321D00E2D969 /* ContentView.swift */; };
		72339D832A2E321F00E2D969 /* Assets.xcassets in Resources */ = {isa = PBXBuildFile; fileRef = 72339D822A2E321F00E2D969 /* Assets.xcassets */; };
		72339D862A2E321F00E2D969 /* Preview Assets.xcassets in Resources */ = {isa = PBXBuildFile; fileRef = 72339D852A2E321F00E2D969 /* Preview Assets.xcassets */; };
		726F106B2A33609500658CB5 /* Constants.swift in Sources */ = {isa = PBXBuildFile; fileRef = 726F106A2A33609500658CB5 /* Constants.swift */; };
		726F106D2A3360BB00658CB5 /* OpenAIService.swift in Sources */ = {isa = PBXBuildFile; fileRef = 726F106C2A3360BB00658CB5 /* OpenAIService.swift */; };
		726F10702A33652800658CB5 /* Alamofire in Frameworks */ = {isa = PBXBuildFile; productRef = 726F106F2A33652800658CB5 /* Alamofire */; };
		726F10722A35FDED00658CB5 /* GoogleService-Info.plist in Resources */ = {isa = PBXBuildFile; fileRef = 726F10712A35FDED00658CB5 /* GoogleService-Info.plist */; };
		726F10752A35FF6A00658CB5 /* FirebaseFirestore in Frameworks */ = {isa = PBXBuildFile; productRef = 726F10742A35FF6A00658CB5 /* FirebaseFirestore */; };
		726F10772A35FF6A00658CB5 /* FirebaseFirestoreSwift in Frameworks */ = {isa = PBXBuildFile; productRef = 726F10762A35FF6A00658CB5 /* FirebaseFirestoreSwift */; };
		726F10792A3738EE00658CB5 /* Emotion.swift in Sources */ = {isa = PBXBuildFile; fileRef = 726F10782A3738EE00658CB5 /* Emotion.swift */; };
		726F107D2A373BF600658CB5 /* EmotionTrackingView.swift in Sources */ = {isa = PBXBuildFile; fileRef = 726F107C2A373BF600658CB5 /* EmotionTrackingView.swift */; };
		726F107F2A373CE000658CB5 /* EmotionModel.swift in Sources */ = {isa = PBXBuildFile; fileRef = 726F107E2A373CE000658CB5 /* EmotionModel.swift */; };
		726F10842A3742A400658CB5 /* DateExtension.swift in Sources */ = {isa = PBXBuildFile; fileRef = 726F10832A3742A400658CB5 /* DateExtension.swift */; };
		726F10862A374C8200658CB5 /* CalendarView.swift in Sources */ = {isa = PBXBuildFile; fileRef = 726F10852A374C8200658CB5 /* CalendarView.swift */; };
		726F10882A3759F000658CB5 /* EmotionDayListView.swift in Sources */ = {isa = PBXBuildFile; fileRef = 726F10872A3759F000658CB5 /* EmotionDayListView.swift */; };
		726F108A2A375B0500658CB5 /* EmotionDayRow.swift in Sources */ = {isa = PBXBuildFile; fileRef = 726F10892A375B0500658CB5 /* EmotionDayRow.swift */; };
/* End PBXBuildFile section */

/* Begin PBXFileReference section */
		7222B0422A30E957009FBD7C /* MessageView.swift */ = {isa = PBXFileReference; lastKnownFileType = sourcecode.swift; path = MessageView.swift; sourceTree = "<group>"; };
		7222B0442A30E977009FBD7C /* MessageBubble.swift */ = {isa = PBXFileReference; lastKnownFileType = sourcecode.swift; path = MessageBubble.swift; sourceTree = "<group>"; };
		7222B0462A30E984009FBD7C /* MessageField.swift */ = {isa = PBXFileReference; lastKnownFileType = sourcecode.swift; path = MessageField.swift; sourceTree = "<group>"; };
		7222B0492A30EFD2009FBD7C /* Message.swift */ = {isa = PBXFileReference; lastKnownFileType = sourcecode.swift; path = Message.swift; sourceTree = "<group>"; };
		7222B04B2A30F88F009FBD7C /* MessageModel.swift */ = {isa = PBXFileReference; lastKnownFileType = sourcecode.swift; path = MessageModel.swift; sourceTree = "<group>"; };
		72339D7B2A2E321D00E2D969 /* MindChatr.app */ = {isa = PBXFileReference; explicitFileType = wrapper.application; includeInIndex = 0; path = MindChatr.app; sourceTree = BUILT_PRODUCTS_DIR; };
		72339D7E2A2E321D00E2D969 /* MindChatrApp.swift */ = {isa = PBXFileReference; lastKnownFileType = sourcecode.swift; path = MindChatrApp.swift; sourceTree = "<group>"; };
		72339D802A2E321D00E2D969 /* ContentView.swift */ = {isa = PBXFileReference; lastKnownFileType = sourcecode.swift; path = ContentView.swift; sourceTree = "<group>"; };
		72339D822A2E321F00E2D969 /* Assets.xcassets */ = {isa = PBXFileReference; lastKnownFileType = folder.assetcatalog; path = Assets.xcassets; sourceTree = "<group>"; };
		72339D852A2E321F00E2D969 /* Preview Assets.xcassets */ = {isa = PBXFileReference; lastKnownFileType = folder.assetcatalog; path = "Preview Assets.xcassets"; sourceTree = "<group>"; };
		726F106A2A33609500658CB5 /* Constants.swift */ = {isa = PBXFileReference; lastKnownFileType = sourcecode.swift; path = Constants.swift; sourceTree = "<group>"; };
		726F106C2A3360BB00658CB5 /* OpenAIService.swift */ = {isa = PBXFileReference; lastKnownFileType = sourcecode.swift; path = OpenAIService.swift; sourceTree = "<group>"; };
		726F10712A35FDED00658CB5 /* GoogleService-Info.plist */ = {isa = PBXFileReference; fileEncoding = 4; lastKnownFileType = text.plist.xml; path = "GoogleService-Info.plist"; sourceTree = "<group>"; };
		726F10782A3738EE00658CB5 /* Emotion.swift */ = {isa = PBXFileReference; lastKnownFileType = sourcecode.swift; path = Emotion.swift; sourceTree = "<group>"; };
		726F107C2A373BF600658CB5 /* EmotionTrackingView.swift */ = {isa = PBXFileReference; lastKnownFileType = sourcecode.swift; path = EmotionTrackingView.swift; sourceTree = "<group>"; };
		726F107E2A373CE000658CB5 /* EmotionModel.swift */ = {isa = PBXFileReference; lastKnownFileType = sourcecode.swift; path = EmotionModel.swift; sourceTree = "<group>"; };
		726F10832A3742A400658CB5 /* DateExtension.swift */ = {isa = PBXFileReference; lastKnownFileType = sourcecode.swift; path = DateExtension.swift; sourceTree = "<group>"; };
		726F10852A374C8200658CB5 /* CalendarView.swift */ = {isa = PBXFileReference; lastKnownFileType = sourcecode.swift; path = CalendarView.swift; sourceTree = "<group>"; };
		726F10872A3759F000658CB5 /* EmotionDayListView.swift */ = {isa = PBXFileReference; lastKnownFileType = sourcecode.swift; path = EmotionDayListView.swift; sourceTree = "<group>"; };
		726F10892A375B0500658CB5 /* EmotionDayRow.swift */ = {isa = PBXFileReference; lastKnownFileType = sourcecode.swift; path = EmotionDayRow.swift; sourceTree = "<group>"; };
/* End PBXFileReference section */

/* Begin PBXFrameworksBuildPhase section */
		72339D782A2E321D00E2D969 /* Frameworks */ = {
			isa = PBXFrameworksBuildPhase;
			buildActionMask = 2147483647;
			files = (
				726F10702A33652800658CB5 /* Alamofire in Frameworks */,
				726F10752A35FF6A00658CB5 /* FirebaseFirestore in Frameworks */,
				726F10772A35FF6A00658CB5 /* FirebaseFirestoreSwift in Frameworks */,
			);
			runOnlyForDeploymentPostprocessing = 0;
		};
/* End PBXFrameworksBuildPhase section */

/* Begin PBXGroup section */
		7222B0412A30E947009FBD7C /* Views */ = {
			isa = PBXGroup;
			children = (
				726F107B2A373BE300658CB5 /* EmotionTracking */,
				726F107A2A373BD900658CB5 /* Message */,
			);
			path = Views;
			sourceTree = "<group>";
		};
		7222B0482A30EF1F009FBD7C /* Model */ = {
			isa = PBXGroup;
			children = (
				7222B0492A30EFD2009FBD7C /* Message.swift */,
				726F10782A3738EE00658CB5 /* Emotion.swift */,
				726F107E2A373CE000658CB5 /* EmotionModel.swift */,
				7222B04B2A30F88F009FBD7C /* MessageModel.swift */,
			);
			path = Model;
			sourceTree = "<group>";
		};
		72339D722A2E321D00E2D969 = {
			isa = PBXGroup;
			children = (
				72339D7D2A2E321D00E2D969 /* MindChatr */,
				72339D7C2A2E321D00E2D969 /* Products */,
			);
			sourceTree = "<group>";
		};
		72339D7C2A2E321D00E2D969 /* Products */ = {
			isa = PBXGroup;
			children = (
				72339D7B2A2E321D00E2D969 /* MindChatr.app */,
			);
			name = Products;
			sourceTree = "<group>";
		};
		72339D7D2A2E321D00E2D969 /* MindChatr */ = {
			isa = PBXGroup;
			children = (
				726F10822A37427A00658CB5 /* Extensions */,
				726F10712A35FDED00658CB5 /* GoogleService-Info.plist */,
				72339D7E2A2E321D00E2D969 /* MindChatrApp.swift */,
				72339D802A2E321D00E2D969 /* ContentView.swift */,
				7222B0482A30EF1F009FBD7C /* Model */,
				7222B0412A30E947009FBD7C /* Views */,
				72339D822A2E321F00E2D969 /* Assets.xcassets */,
				72339D842A2E321F00E2D969 /* Preview Content */,
				726F106A2A33609500658CB5 /* Constants.swift */,
				726F106C2A3360BB00658CB5 /* OpenAIService.swift */,
			);
			path = MindChatr;
			sourceTree = "<group>";
		};
		72339D842A2E321F00E2D969 /* Preview Content */ = {
			isa = PBXGroup;
			children = (
				72339D852A2E321F00E2D969 /* Preview Assets.xcassets */,
			);
			path = "Preview Content";
			sourceTree = "<group>";
		};
		726F107A2A373BD900658CB5 /* Message */ = {
			isa = PBXGroup;
			children = (
				7222B0422A30E957009FBD7C /* MessageView.swift */,
				7222B0442A30E977009FBD7C /* MessageBubble.swift */,
				7222B0462A30E984009FBD7C /* MessageField.swift */,
			);
			path = Message;
			sourceTree = "<group>";
		};
		726F107B2A373BE300658CB5 /* EmotionTracking */ = {
			isa = PBXGroup;
			children = (
				726F107C2A373BF600658CB5 /* EmotionTrackingView.swift */,
				726F10852A374C8200658CB5 /* CalendarView.swift */,
				726F10872A3759F000658CB5 /* EmotionDayListView.swift */,
				726F10892A375B0500658CB5 /* EmotionDayRow.swift */,
			);
			path = EmotionTracking;
			sourceTree = "<group>";
		};
		726F10822A37427A00658CB5 /* Extensions */ = {
			isa = PBXGroup;
			children = (
				726F10832A3742A400658CB5 /* DateExtension.swift */,
			);
			path = Extensions;
			sourceTree = "<group>";
		};
/* End PBXGroup section */

/* Begin PBXNativeTarget section */
		72339D7A2A2E321D00E2D969 /* MindChatr */ = {
			isa = PBXNativeTarget;
			buildConfigurationList = 72339D892A2E321F00E2D969 /* Build configuration list for PBXNativeTarget "MindChatr" */;
			buildPhases = (
				72339D772A2E321D00E2D969 /* Sources */,
				72339D782A2E321D00E2D969 /* Frameworks */,
				72339D792A2E321D00E2D969 /* Resources */,
			);
			buildRules = (
			);
			dependencies = (
			);
			name = MindChatr;
			packageProductDependencies = (
				726F106F2A33652800658CB5 /* Alamofire */,
				726F10742A35FF6A00658CB5 /* FirebaseFirestore */,
				726F10762A35FF6A00658CB5 /* FirebaseFirestoreSwift */,
			);
			productName = MindChatr;
			productReference = 72339D7B2A2E321D00E2D969 /* MindChatr.app */;
			productType = "com.apple.product-type.application";
		};
/* End PBXNativeTarget section */

/* Begin PBXProject section */
		72339D732A2E321D00E2D969 /* Project object */ = {
			isa = PBXProject;
			attributes = {
				BuildIndependentTargetsInParallel = 1;
				LastSwiftUpdateCheck = 1430;
				LastUpgradeCheck = 1430;
				TargetAttributes = {
					72339D7A2A2E321D00E2D969 = {
						CreatedOnToolsVersion = 14.3;
					};
				};
			};
			buildConfigurationList = 72339D762A2E321D00E2D969 /* Build configuration list for PBXProject "MindChatr" */;
			compatibilityVersion = "Xcode 14.0";
			developmentRegion = en;
			hasScannedForEncodings = 0;
			knownRegions = (
				en,
				Base,
			);
			mainGroup = 72339D722A2E321D00E2D969;
			packageReferences = (
				726F106E2A33652800658CB5 /* XCRemoteSwiftPackageReference "Alamofire" */,
				726F10732A35FF6A00658CB5 /* XCRemoteSwiftPackageReference "firebase-ios-sdk" */,
			);
			productRefGroup = 72339D7C2A2E321D00E2D969 /* Products */;
			projectDirPath = "";
			projectRoot = "";
			targets = (
				72339D7A2A2E321D00E2D969 /* MindChatr */,
			);
		};
/* End PBXProject section */

/* Begin PBXResourcesBuildPhase section */
		72339D792A2E321D00E2D969 /* Resources */ = {
			isa = PBXResourcesBuildPhase;
			buildActionMask = 2147483647;
			files = (
				72339D862A2E321F00E2D969 /* Preview Assets.xcassets in Resources */,
				72339D832A2E321F00E2D969 /* Assets.xcassets in Resources */,
				726F10722A35FDED00658CB5 /* GoogleService-Info.plist in Resources */,
			);
			runOnlyForDeploymentPostprocessing = 0;
		};
/* End PBXResourcesBuildPhase section */

/* Begin PBXSourcesBuildPhase section */
		72339D772A2E321D00E2D969 /* Sources */ = {
			isa = PBXSourcesBuildPhase;
			buildActionMask = 2147483647;
			files = (
				72339D812A2E321D00E2D969 /* ContentView.swift in Sources */,
				726F10842A3742A400658CB5 /* DateExtension.swift in Sources */,
				726F107F2A373CE000658CB5 /* EmotionModel.swift in Sources */,
				726F10882A3759F000658CB5 /* EmotionDayListView.swift in Sources */,
				726F10792A3738EE00658CB5 /* Emotion.swift in Sources */,
				7222B0432A30E957009FBD7C /* MessageView.swift in Sources */,
				7222B04C2A30F88F009FBD7C /* MessageModel.swift in Sources */,
				72339D7F2A2E321D00E2D969 /* MindChatrApp.swift in Sources */,
				7222B04A2A30EFD2009FBD7C /* Message.swift in Sources */,
				726F10862A374C8200658CB5 /* CalendarView.swift in Sources */,
				726F107D2A373BF600658CB5 /* EmotionTrackingView.swift in Sources */,
				726F106D2A3360BB00658CB5 /* OpenAIService.swift in Sources */,
				7222B0472A30E984009FBD7C /* MessageField.swift in Sources */,
				7222B0452A30E977009FBD7C /* MessageBubble.swift in Sources */,
				726F106B2A33609500658CB5 /* Constants.swift in Sources */,
				726F108A2A375B0500658CB5 /* EmotionDayRow.swift in Sources */,
			);
			runOnlyForDeploymentPostprocessing = 0;
		};
/* End PBXSourcesBuildPhase section */

/* Begin XCBuildConfiguration section */
		72339D872A2E321F00E2D969 /* Debug */ = {
			isa = XCBuildConfiguration;
			buildSettings = {
				ALWAYS_SEARCH_USER_PATHS = NO;
				CLANG_ANALYZER_NONNULL = YES;
				CLANG_ANALYZER_NUMBER_OBJECT_CONVERSION = YES_AGGRESSIVE;
				CLANG_CXX_LANGUAGE_STANDARD = "gnu++20";
				CLANG_ENABLE_MODULES = YES;
				CLANG_ENABLE_OBJC_ARC = YES;
				CLANG_ENABLE_OBJC_WEAK = YES;
				CLANG_WARN_BLOCK_CAPTURE_AUTORELEASING = YES;
				CLANG_WARN_BOOL_CONVERSION = YES;
				CLANG_WARN_COMMA = YES;
				CLANG_WARN_CONSTANT_CONVERSION = YES;
				CLANG_WARN_DEPRECATED_OBJC_IMPLEMENTATIONS = YES;
				CLANG_WARN_DIRECT_OBJC_ISA_USAGE = YES_ERROR;
				CLANG_WARN_DOCUMENTATION_COMMENTS = YES;
				CLANG_WARN_EMPTY_BODY = YES;
				CLANG_WARN_ENUM_CONVERSION = YES;
				CLANG_WARN_INFINITE_RECURSION = YES;
				CLANG_WARN_INT_CONVERSION = YES;
				CLANG_WARN_NON_LITERAL_NULL_CONVERSION = YES;
				CLANG_WARN_OBJC_IMPLICIT_RETAIN_SELF = YES;
				CLANG_WARN_OBJC_LITERAL_CONVERSION = YES;
				CLANG_WARN_OBJC_ROOT_CLASS = YES_ERROR;
				CLANG_WARN_QUOTED_INCLUDE_IN_FRAMEWORK_HEADER = YES;
				CLANG_WARN_RANGE_LOOP_ANALYSIS = YES;
				CLANG_WARN_STRICT_PROTOTYPES = YES;
				CLANG_WARN_SUSPICIOUS_MOVE = YES;
				CLANG_WARN_UNGUARDED_AVAILABILITY = YES_AGGRESSIVE;
				CLANG_WARN_UNREACHABLE_CODE = YES;
				CLANG_WARN__DUPLICATE_METHOD_MATCH = YES;
				COPY_PHASE_STRIP = NO;
				DEBUG_INFORMATION_FORMAT = dwarf;
				ENABLE_STRICT_OBJC_MSGSEND = YES;
				ENABLE_TESTABILITY = YES;
				GCC_C_LANGUAGE_STANDARD = gnu11;
				GCC_DYNAMIC_NO_PIC = NO;
				GCC_NO_COMMON_BLOCKS = YES;
				GCC_OPTIMIZATION_LEVEL = 0;
				GCC_PREPROCESSOR_DEFINITIONS = (
					"DEBUG=1",
					"$(inherited)",
				);
				GCC_WARN_64_TO_32_BIT_CONVERSION = YES;
				GCC_WARN_ABOUT_RETURN_TYPE = YES_ERROR;
				GCC_WARN_UNDECLARED_SELECTOR = YES;
				GCC_WARN_UNINITIALIZED_AUTOS = YES_AGGRESSIVE;
				GCC_WARN_UNUSED_FUNCTION = YES;
				GCC_WARN_UNUSED_VARIABLE = YES;
				IPHONEOS_DEPLOYMENT_TARGET = 16.4;
				MTL_ENABLE_DEBUG_INFO = INCLUDE_SOURCE;
				MTL_FAST_MATH = YES;
				ONLY_ACTIVE_ARCH = YES;
				SDKROOT = iphoneos;
				SWIFT_ACTIVE_COMPILATION_CONDITIONS = DEBUG;
				SWIFT_OPTIMIZATION_LEVEL = "-Onone";
			};
			name = Debug;
		};
		72339D882A2E321F00E2D969 /* Release */ = {
			isa = XCBuildConfiguration;
			buildSettings = {
				ALWAYS_SEARCH_USER_PATHS = NO;
				CLANG_ANALYZER_NONNULL = YES;
				CLANG_ANALYZER_NUMBER_OBJECT_CONVERSION = YES_AGGRESSIVE;
				CLANG_CXX_LANGUAGE_STANDARD = "gnu++20";
				CLANG_ENABLE_MODULES = YES;
				CLANG_ENABLE_OBJC_ARC = YES;
				CLANG_ENABLE_OBJC_WEAK = YES;
				CLANG_WARN_BLOCK_CAPTURE_AUTORELEASING = YES;
				CLANG_WARN_BOOL_CONVERSION = YES;
				CLANG_WARN_COMMA = YES;
				CLANG_WARN_CONSTANT_CONVERSION = YES;
				CLANG_WARN_DEPRECATED_OBJC_IMPLEMENTATIONS = YES;
				CLANG_WARN_DIRECT_OBJC_ISA_USAGE = YES_ERROR;
				CLANG_WARN_DOCUMENTATION_COMMENTS = YES;
				CLANG_WARN_EMPTY_BODY = YES;
				CLANG_WARN_ENUM_CONVERSION = YES;
				CLANG_WARN_INFINITE_RECURSION = YES;
				CLANG_WARN_INT_CONVERSION = YES;
				CLANG_WARN_NON_LITERAL_NULL_CONVERSION = YES;
				CLANG_WARN_OBJC_IMPLICIT_RETAIN_SELF = YES;
				CLANG_WARN_OBJC_LITERAL_CONVERSION = YES;
				CLANG_WARN_OBJC_ROOT_CLASS = YES_ERROR;
				CLANG_WARN_QUOTED_INCLUDE_IN_FRAMEWORK_HEADER = YES;
				CLANG_WARN_RANGE_LOOP_ANALYSIS = YES;
				CLANG_WARN_STRICT_PROTOTYPES = YES;
				CLANG_WARN_SUSPICIOUS_MOVE = YES;
				CLANG_WARN_UNGUARDED_AVAILABILITY = YES_AGGRESSIVE;
				CLANG_WARN_UNREACHABLE_CODE = YES;
				CLANG_WARN__DUPLICATE_METHOD_MATCH = YES;
				COPY_PHASE_STRIP = NO;
				DEBUG_INFORMATION_FORMAT = "dwarf-with-dsym";
				ENABLE_NS_ASSERTIONS = NO;
				ENABLE_STRICT_OBJC_MSGSEND = YES;
				GCC_C_LANGUAGE_STANDARD = gnu11;
				GCC_NO_COMMON_BLOCKS = YES;
				GCC_WARN_64_TO_32_BIT_CONVERSION = YES;
				GCC_WARN_ABOUT_RETURN_TYPE = YES_ERROR;
				GCC_WARN_UNDECLARED_SELECTOR = YES;
				GCC_WARN_UNINITIALIZED_AUTOS = YES_AGGRESSIVE;
				GCC_WARN_UNUSED_FUNCTION = YES;
				GCC_WARN_UNUSED_VARIABLE = YES;
				IPHONEOS_DEPLOYMENT_TARGET = 16.4;
				MTL_ENABLE_DEBUG_INFO = NO;
				MTL_FAST_MATH = YES;
				SDKROOT = iphoneos;
				SWIFT_COMPILATION_MODE = wholemodule;
				SWIFT_OPTIMIZATION_LEVEL = "-O";
				VALIDATE_PRODUCT = YES;
			};
			name = Release;
		};
		72339D8A2A2E321F00E2D969 /* Debug */ = {
			isa = XCBuildConfiguration;
			buildSettings = {
				ASSETCATALOG_COMPILER_APPICON_NAME = AppIcon;
				ASSETCATALOG_COMPILER_GLOBAL_ACCENT_COLOR_NAME = AccentColor;
				CODE_SIGN_STYLE = Automatic;
				CURRENT_PROJECT_VERSION = 1;
				DEVELOPMENT_ASSET_PATHS = "\"MindChatr/Preview Content\"";
				DEVELOPMENT_TEAM = MZ483TW92Y;
				ENABLE_PREVIEWS = YES;
				GENERATE_INFOPLIST_FILE = YES;
				INFOPLIST_KEY_UIApplicationSceneManifest_Generation = YES;
				INFOPLIST_KEY_UIApplicationSupportsIndirectInputEvents = YES;
				INFOPLIST_KEY_UILaunchScreen_Generation = YES;
				INFOPLIST_KEY_UISupportedInterfaceOrientations_iPad = "UIInterfaceOrientationPortrait UIInterfaceOrientationPortraitUpsideDown UIInterfaceOrientationLandscapeLeft UIInterfaceOrientationLandscapeRight";
				INFOPLIST_KEY_UISupportedInterfaceOrientations_iPhone = "UIInterfaceOrientationPortrait UIInterfaceOrientationLandscapeLeft UIInterfaceOrientationLandscapeRight";
				LD_RUNPATH_SEARCH_PATHS = (
					"$(inherited)",
					"@executable_path/Frameworks",
				);
				MARKETING_VERSION = 1.0;
				PRODUCT_BUNDLE_IDENTIFIER = com.pawanlearning.MindChatr;
				PRODUCT_NAME = "$(TARGET_NAME)";
				SWIFT_EMIT_LOC_STRINGS = YES;
				SWIFT_VERSION = 5.0;
				TARGETED_DEVICE_FAMILY = "1,2";
			};
			name = Debug;
		};
		72339D8B2A2E321F00E2D969 /* Release */ = {
			isa = XCBuildConfiguration;
			buildSettings = {
				ASSETCATALOG_COMPILER_APPICON_NAME = AppIcon;
				ASSETCATALOG_COMPILER_GLOBAL_ACCENT_COLOR_NAME = AccentColor;
				CODE_SIGN_STYLE = Automatic;
				CURRENT_PROJECT_VERSION = 1;
				DEVELOPMENT_ASSET_PATHS = "\"MindChatr/Preview Content\"";
				DEVELOPMENT_TEAM = MZ483TW92Y;
				ENABLE_PREVIEWS = YES;
				GENERATE_INFOPLIST_FILE = YES;
				INFOPLIST_KEY_UIApplicationSceneManifest_Generation = YES;
				INFOPLIST_KEY_UIApplicationSupportsIndirectInputEvents = YES;
				INFOPLIST_KEY_UILaunchScreen_Generation = YES;
				INFOPLIST_KEY_UISupportedInterfaceOrientations_iPad = "UIInterfaceOrientationPortrait UIInterfaceOrientationPortraitUpsideDown UIInterfaceOrientationLandscapeLeft UIInterfaceOrientationLandscapeRight";
				INFOPLIST_KEY_UISupportedInterfaceOrientations_iPhone = "UIInterfaceOrientationPortrait UIInterfaceOrientationLandscapeLeft UIInterfaceOrientationLandscapeRight";
				LD_RUNPATH_SEARCH_PATHS = (
					"$(inherited)",
					"@executable_path/Frameworks",
				);
				MARKETING_VERSION = 1.0;
				PRODUCT_BUNDLE_IDENTIFIER = com.pawanlearning.MindChatr;
				PRODUCT_NAME = "$(TARGET_NAME)";
				SWIFT_EMIT_LOC_STRINGS = YES;
				SWIFT_VERSION = 5.0;
				TARGETED_DEVICE_FAMILY = "1,2";
			};
			name = Release;
		};
/* End XCBuildConfiguration section */

/* Begin XCConfigurationList section */
		72339D762A2E321D00E2D969 /* Build configuration list for PBXProject "MindChatr" */ = {
			isa = XCConfigurationList;
			buildConfigurations = (
				72339D872A2E321F00E2D969 /* Debug */,
				72339D882A2E321F00E2D969 /* Release */,
			);
			defaultConfigurationIsVisible = 0;
			defaultConfigurationName = Release;
		};
		72339D892A2E321F00E2D969 /* Build configuration list for PBXNativeTarget "MindChatr" */ = {
			isa = XCConfigurationList;
			buildConfigurations = (
				72339D8A2A2E321F00E2D969 /* Debug */,
				72339D8B2A2E321F00E2D969 /* Release */,
			);
			defaultConfigurationIsVisible = 0;
			defaultConfigurationName = Release;
		};
/* End XCConfigurationList section */

/* Begin XCRemoteSwiftPackageReference section */
		726F106E2A33652800658CB5 /* XCRemoteSwiftPackageReference "Alamofire" */ = {
			isa = XCRemoteSwiftPackageReference;
			repositoryURL = "https://github.com/Alamofire/Alamofire.git";
			requirement = {
				kind = upToNextMajorVersion;
				minimumVersion = 5.0.0;
			};
		};
		726F10732A35FF6A00658CB5 /* XCRemoteSwiftPackageReference "firebase-ios-sdk" */ = {
			isa = XCRemoteSwiftPackageReference;
			repositoryURL = "https://github.com/firebase/firebase-ios-sdk";
			requirement = {
				kind = upToNextMajorVersion;
				minimumVersion = 10.0.0;
			};
		};
/* End XCRemoteSwiftPackageReference section */

/* Begin XCSwiftPackageProductDependency section */
		726F106F2A33652800658CB5 /* Alamofire */ = {
			isa = XCSwiftPackageProductDependency;
			package = 726F106E2A33652800658CB5 /* XCRemoteSwiftPackageReference "Alamofire" */;
			productName = Alamofire;
		};
		726F10742A35FF6A00658CB5 /* FirebaseFirestore */ = {
			isa = XCSwiftPackageProductDependency;
			package = 726F10732A35FF6A00658CB5 /* XCRemoteSwiftPackageReference "firebase-ios-sdk" */;
			productName = FirebaseFirestore;
		};
		726F10762A35FF6A00658CB5 /* FirebaseFirestoreSwift */ = {
			isa = XCSwiftPackageProductDependency;
			package = 726F10732A35FF6A00658CB5 /* XCRemoteSwiftPackageReference "firebase-ios-sdk" */;
			productName = FirebaseFirestoreSwift;
		};
/* End XCSwiftPackageProductDependency section */
	};
	rootObject = 72339D732A2E321D00E2D969 /* Project object */;
}
